// !$*UTF8*$!
{
	archiveVersion = 1;
	classes = {
	};
	objectVersion = 46;
	objects = {

/* Begin PBXBuildFile section */
		84080FFB1CEA0C170063D134 /* libcppnetlib-uri.a in Frameworks */ = {isa = PBXBuildFile; fileRef = 84080FF71CEA08CD0063D134 /* libcppnetlib-uri.a */; };
		84080FFC1CEA0E360063D134 /* libcppnetlib-client-connections.a in Frameworks */ = {isa = PBXBuildFile; fileRef = 84080FF51CEA08C90063D134 /* libcppnetlib-client-connections.a */; };
		84080FFD1CEA0E3C0063D134 /* libcppnetlib-server-parsers.a in Frameworks */ = {isa = PBXBuildFile; fileRef = 84080FF91CEA08F30063D134 /* libcppnetlib-server-parsers.a */; };
		84080FFF1CEA0FDB0063D134 /* libcrypto.a in Frameworks */ = {isa = PBXBuildFile; fileRef = 84080FFE1CEA0FDB0063D134 /* libcrypto.a */; };
		840810011CEA0FF80063D134 /* libssl.a in Frameworks */ = {isa = PBXBuildFile; fileRef = 840810001CEA0FF80063D134 /* libssl.a */; };
		840810051CEA2DDD0063D134 /* base64.cpp in Sources */ = {isa = PBXBuildFile; fileRef = 840810031CEA2DDD0063D134 /* base64.cpp */; };
		840810081CEA6DC20063D134 /* libboost_system.a in Frameworks */ = {isa = PBXBuildFile; fileRef = 840810071CEA6DC20063D134 /* libboost_system.a */; };
		84288E6A1CE672FB005317B3 /* main.cpp in Sources */ = {isa = PBXBuildFile; fileRef = 84288E691CE672FB005317B3 /* main.cpp */; };
		84288E761CE673AA005317B3 /* network_manager_impl.cpp in Sources */ = {isa = PBXBuildFile; fileRef = 84288E741CE673AA005317B3 /* network_manager_impl.cpp */; };
		84288E831CE8F4A3005317B3 /* base_view_model_impl.cpp in Sources */ = {isa = PBXBuildFile; fileRef = 84288E811CE8F4A3005317B3 /* base_view_model_impl.cpp */; };
		84288E871CE8F6F8005317B3 /* base_record.cpp in Sources */ = {isa = PBXBuildFile; fileRef = 84288E851CE8F6F8005317B3 /* base_record.cpp */; };
/* End PBXBuildFile section */

/* Begin PBXCopyFilesBuildPhase section */
		84288E641CE672FB005317B3 /* CopyFiles */ = {
			isa = PBXCopyFilesBuildPhase;
			buildActionMask = 2147483647;
			dstPath = /usr/share/man/man1/;
			dstSubfolderSpec = 0;
			files = (
			);
			runOnlyForDeploymentPostprocessing = 1;
		};
/* End PBXCopyFilesBuildPhase section */

/* Begin PBXFileReference section */
		84080FDE1CE949150063D134 /* base_record_base.hpp */ = {isa = PBXFileReference; fileEncoding = 4; lastKnownFileType = sourcecode.cpp.h; path = base_record_base.hpp; sourceTree = "<group>"; };
		84080FDF1CE949150063D134 /* base_view_model.hpp */ = {isa = PBXFileReference; fileEncoding = 4; lastKnownFileType = sourcecode.cpp.h; path = base_view_model.hpp; sourceTree = "<group>"; };
		84080FE01CE949150063D134 /* network_listener.hpp */ = {isa = PBXFileReference; fileEncoding = 4; lastKnownFileType = sourcecode.cpp.h; path = network_listener.hpp; sourceTree = "<group>"; };
		84080FE11CE949150063D134 /* network_manager.hpp */ = {isa = PBXFileReference; fileEncoding = 4; lastKnownFileType = sourcecode.cpp.h; path = network_manager.hpp; sourceTree = "<group>"; };
		84080FF51CEA08C90063D134 /* libcppnetlib-client-connections.a */ = {isa = PBXFileReference; lastKnownFileType = archive.ar; name = "libcppnetlib-client-connections.a"; path = "../../../../../usr/local/Cellar/cpp-netlib/0.12.0_1/lib/libcppnetlib-client-connections.a"; sourceTree = "<group>"; };
		84080FF71CEA08CD0063D134 /* libcppnetlib-uri.a */ = {isa = PBXFileReference; lastKnownFileType = archive.ar; name = "libcppnetlib-uri.a"; path = "../../../../../usr/local/Cellar/cpp-netlib/0.12.0_1/lib/libcppnetlib-uri.a"; sourceTree = "<group>"; };
		84080FF91CEA08F30063D134 /* libcppnetlib-server-parsers.a */ = {isa = PBXFileReference; lastKnownFileType = archive.ar; name = "libcppnetlib-server-parsers.a"; path = "../../../../../usr/local/Cellar/cpp-netlib/0.12.0_1/lib/libcppnetlib-server-parsers.a"; sourceTree = "<group>"; };
		84080FFE1CEA0FDB0063D134 /* libcrypto.a */ = {isa = PBXFileReference; lastKnownFileType = archive.ar; name = libcrypto.a; path = ../../../../../usr/local/Cellar/openssl/1.0.2h_1/lib/libcrypto.a; sourceTree = "<group>"; };
		840810001CEA0FF80063D134 /* libssl.a */ = {isa = PBXFileReference; lastKnownFileType = archive.ar; name = libssl.a; path = ../../../../../usr/local/Cellar/openssl/1.0.2h_1/lib/libssl.a; sourceTree = "<group>"; };
		840810031CEA2DDD0063D134 /* base64.cpp */ = {isa = PBXFileReference; fileEncoding = 4; lastKnownFileType = sourcecode.cpp.cpp; path = base64.cpp; sourceTree = "<group>"; };
		840810041CEA2DDD0063D134 /* base64.hpp */ = {isa = PBXFileReference; fileEncoding = 4; lastKnownFileType = sourcecode.cpp.h; path = base64.hpp; sourceTree = "<group>"; };
		840810071CEA6DC20063D134 /* libboost_system.a */ = {isa = PBXFileReference; lastKnownFileType = archive.ar; name = libboost_system.a; path = ../../../../../usr/local/Cellar/boost/1.60.0_2/lib/libboost_system.a; sourceTree = "<group>"; };
		84288E661CE672FB005317B3 /* BibleReaderCPP */ = {isa = PBXFileReference; explicitFileType = "compiled.mach-o.executable"; includeInIndex = 0; path = BibleReaderCPP; sourceTree = BUILT_PRODUCTS_DIR; };
		84288E691CE672FB005317B3 /* main.cpp */ = {isa = PBXFileReference; lastKnownFileType = sourcecode.cpp.cpp; path = main.cpp; sourceTree = "<group>"; };
		84288E741CE673AA005317B3 /* network_manager_impl.cpp */ = {isa = PBXFileReference; fileEncoding = 4; lastKnownFileType = sourcecode.cpp.cpp; path = network_manager_impl.cpp; sourceTree = "<group>"; };
		84288E751CE673AA005317B3 /* network_manager_impl.hpp */ = {isa = PBXFileReference; fileEncoding = 4; lastKnownFileType = sourcecode.cpp.h; path = network_manager_impl.hpp; sourceTree = "<group>"; };
		84288E781CE679C0005317B3 /* libcurl.dylib */ = {isa = PBXFileReference; lastKnownFileType = "compiled.mach-o.dylib"; name = libcurl.dylib; path = ../../../../../usr/local/Cellar/curl/7.48.0/lib/libcurl.dylib; sourceTree = "<group>"; };
		84288E7A1CE68175005317B3 /* libboost_system.dylib */ = {isa = PBXFileReference; lastKnownFileType = "compiled.mach-o.dylib"; name = libboost_system.dylib; path = ../../../../../usr/local/Cellar/boost/1.60.0_2/lib/libboost_system.dylib; sourceTree = "<group>"; };
		84288E7C1CE6841D005317B3 /* libboost_thread-mt.dylib */ = {isa = PBXFileReference; lastKnownFileType = "compiled.mach-o.dylib"; name = "libboost_thread-mt.dylib"; path = "../../../../../usr/local/Cellar/boost/1.60.0_2/lib/libboost_thread-mt.dylib"; sourceTree = "<group>"; };
		84288E811CE8F4A3005317B3 /* base_view_model_impl.cpp */ = {isa = PBXFileReference; fileEncoding = 4; lastKnownFileType = sourcecode.cpp.cpp; path = base_view_model_impl.cpp; sourceTree = "<group>"; };
		84288E821CE8F4A3005317B3 /* base_view_model_impl.hpp */ = {isa = PBXFileReference; fileEncoding = 4; lastKnownFileType = sourcecode.cpp.h; path = base_view_model_impl.hpp; sourceTree = "<group>"; };
		84288E851CE8F6F8005317B3 /* base_record.cpp */ = {isa = PBXFileReference; fileEncoding = 4; lastKnownFileType = sourcecode.cpp.cpp; path = base_record.cpp; sourceTree = "<group>"; };
		84288E861CE8F6F8005317B3 /* base_record.hpp */ = {isa = PBXFileReference; fileEncoding = 4; lastKnownFileType = sourcecode.cpp.h; path = base_record.hpp; sourceTree = "<group>"; };
/* End PBXFileReference section */

/* Begin PBXFrameworksBuildPhase section */
		84288E631CE672FB005317B3 /* Frameworks */ = {
			isa = PBXFrameworksBuildPhase;
			buildActionMask = 2147483647;
			files = (
				84080FFB1CEA0C170063D134 /* libcppnetlib-uri.a in Frameworks */,
				84080FFF1CEA0FDB0063D134 /* libcrypto.a in Frameworks */,
				840810081CEA6DC20063D134 /* libboost_system.a in Frameworks */,
				84080FFC1CEA0E360063D134 /* libcppnetlib-client-connections.a in Frameworks */,
				840810011CEA0FF80063D134 /* libssl.a in Frameworks */,
				84080FFD1CEA0E3C0063D134 /* libcppnetlib-server-parsers.a in Frameworks */,
			);
			runOnlyForDeploymentPostprocessing = 0;
		};
/* End PBXFrameworksBuildPhase section */

/* Begin PBXGroup section */
		840810021CEA2DCF0063D134 /* Base64 */ = {
			isa = PBXGroup;
			children = (
				840810031CEA2DDD0063D134 /* base64.cpp */,
				840810041CEA2DDD0063D134 /* base64.hpp */,
			);
			name = Base64;
			sourceTree = "<group>";
		};
		84288E5D1CE672FB005317B3 = {
			isa = PBXGroup;
			children = (
				840810071CEA6DC20063D134 /* libboost_system.a */,
				840810001CEA0FF80063D134 /* libssl.a */,
				84080FFE1CEA0FDB0063D134 /* libcrypto.a */,
				84080FF91CEA08F30063D134 /* libcppnetlib-server-parsers.a */,
				84080FF71CEA08CD0063D134 /* libcppnetlib-uri.a */,
				84080FF51CEA08C90063D134 /* libcppnetlib-client-connections.a */,
				84288E7C1CE6841D005317B3 /* libboost_thread-mt.dylib */,
				84288E7A1CE68175005317B3 /* libboost_system.dylib */,
				84288E781CE679C0005317B3 /* libcurl.dylib */,
				84288E681CE672FB005317B3 /* BibleReaderCPP */,
				84288E671CE672FB005317B3 /* Products */,
			);
			sourceTree = "<group>";
		};
		84288E671CE672FB005317B3 /* Products */ = {
			isa = PBXGroup;
			children = (
				84288E661CE672FB005317B3 /* BibleReaderCPP */,
			);
			name = Products;
			sourceTree = "<group>";
		};
		84288E681CE672FB005317B3 /* BibleReaderCPP */ = {
			isa = PBXGroup;
			children = (
				84288E721CE67333005317B3 /* impl */,
				84288E701CE67319005317B3 /* generated-src */,
				84288E691CE672FB005317B3 /* main.cpp */,
			);
			path = BibleReaderCPP;
			sourceTree = "<group>";
		};
		84288E701CE67319005317B3 /* generated-src */ = {
			isa = PBXGroup;
			children = (
				84080FDE1CE949150063D134 /* base_record_base.hpp */,
				84080FDF1CE949150063D134 /* base_view_model.hpp */,
				84080FE01CE949150063D134 /* network_listener.hpp */,
				84080FE11CE949150063D134 /* network_manager.hpp */,
			);
			name = "generated-src";
			path = "../../generated-src/cpp";
			sourceTree = "<group>";
		};
		84288E721CE67333005317B3 /* impl */ = {
			isa = PBXGroup;
			children = (
				840810021CEA2DCF0063D134 /* Base64 */,
				84288E801CE8F48A005317B3 /* ViewModels */,
				84288E771CE673B5005317B3 /* BrNetworkManager */,
			);
			name = impl;
			path = ../../src/cpp;
			sourceTree = "<group>";
		};
		84288E771CE673B5005317B3 /* BrNetworkManager */ = {
			isa = PBXGroup;
			children = (
				84288E741CE673AA005317B3 /* network_manager_impl.cpp */,
				84288E751CE673AA005317B3 /* network_manager_impl.hpp */,
			);
			name = BrNetworkManager;
			sourceTree = "<group>";
		};
		84288E801CE8F48A005317B3 /* ViewModels */ = {
			isa = PBXGroup;
			children = (
				84288E811CE8F4A3005317B3 /* base_view_model_impl.cpp */,
				84288E821CE8F4A3005317B3 /* base_view_model_impl.hpp */,
				84288E851CE8F6F8005317B3 /* base_record.cpp */,
				84288E861CE8F6F8005317B3 /* base_record.hpp */,
			);
			name = ViewModels;
			sourceTree = "<group>";
		};
/* End PBXGroup section */

/* Begin PBXNativeTarget section */
		84288E651CE672FB005317B3 /* BibleReaderCPP */ = {
			isa = PBXNativeTarget;
			buildConfigurationList = 84288E6D1CE672FB005317B3 /* Build configuration list for PBXNativeTarget "BibleReaderCPP" */;
			buildPhases = (
				84288E621CE672FB005317B3 /* Sources */,
				84288E631CE672FB005317B3 /* Frameworks */,
				84288E641CE672FB005317B3 /* CopyFiles */,
			);
			buildRules = (
			);
			dependencies = (
			);
			name = BibleReaderCPP;
			productName = BibleReaderCPP;
			productReference = 84288E661CE672FB005317B3 /* BibleReaderCPP */;
			productType = "com.apple.product-type.tool";
		};
/* End PBXNativeTarget section */

/* Begin PBXProject section */
		84288E5E1CE672FB005317B3 /* Project object */ = {
			isa = PBXProject;
			attributes = {
				LastUpgradeCheck = 0730;
				ORGANIZATIONNAME = "Joshua Haines";
				TargetAttributes = {
					84288E651CE672FB005317B3 = {
						CreatedOnToolsVersion = 7.3.1;
					};
				};
			};
			buildConfigurationList = 84288E611CE672FB005317B3 /* Build configuration list for PBXProject "BibleReaderCPP" */;
			compatibilityVersion = "Xcode 3.2";
			developmentRegion = English;
			hasScannedForEncodings = 0;
			knownRegions = (
				en,
			);
			mainGroup = 84288E5D1CE672FB005317B3;
			productRefGroup = 84288E671CE672FB005317B3 /* Products */;
			projectDirPath = "";
			projectRoot = "";
			targets = (
				84288E651CE672FB005317B3 /* BibleReaderCPP */,
			);
		};
/* End PBXProject section */

/* Begin PBXSourcesBuildPhase section */
		84288E621CE672FB005317B3 /* Sources */ = {
			isa = PBXSourcesBuildPhase;
			buildActionMask = 2147483647;
			files = (
				84288E761CE673AA005317B3 /* network_manager_impl.cpp in Sources */,
				84288E831CE8F4A3005317B3 /* base_view_model_impl.cpp in Sources */,
				84288E6A1CE672FB005317B3 /* main.cpp in Sources */,
				840810051CEA2DDD0063D134 /* base64.cpp in Sources */,
				84288E871CE8F6F8005317B3 /* base_record.cpp in Sources */,
			);
			runOnlyForDeploymentPostprocessing = 0;
		};
/* End PBXSourcesBuildPhase section */

/* Begin XCBuildConfiguration section */
		84288E6B1CE672FB005317B3 /* Debug */ = {
			isa = XCBuildConfiguration;
			buildSettings = {
				ALWAYS_SEARCH_USER_PATHS = NO;
				CLANG_ANALYZER_NONNULL = YES;
				CLANG_CXX_LANGUAGE_STANDARD = "gnu++0x";
				CLANG_CXX_LIBRARY = "libc++";
				CLANG_ENABLE_MODULES = YES;
				CLANG_ENABLE_OBJC_ARC = YES;
				CLANG_WARN_BOOL_CONVERSION = YES;
				CLANG_WARN_CONSTANT_CONVERSION = YES;
				CLANG_WARN_DIRECT_OBJC_ISA_USAGE = YES_ERROR;
				CLANG_WARN_EMPTY_BODY = YES;
				CLANG_WARN_ENUM_CONVERSION = YES;
				CLANG_WARN_INT_CONVERSION = YES;
				CLANG_WARN_OBJC_ROOT_CLASS = YES_ERROR;
				CLANG_WARN_UNREACHABLE_CODE = YES;
				CLANG_WARN__DUPLICATE_METHOD_MATCH = YES;
				CODE_SIGN_IDENTITY = "-";
				COPY_PHASE_STRIP = NO;
				DEBUG_INFORMATION_FORMAT = dwarf;
				ENABLE_STRICT_OBJC_MSGSEND = YES;
				ENABLE_TESTABILITY = YES;
				GCC_C_LANGUAGE_STANDARD = gnu99;
				GCC_DYNAMIC_NO_PIC = NO;
				GCC_NO_COMMON_BLOCKS = YES;
				GCC_OPTIMIZATION_LEVEL = 0;
				GCC_PREPROCESSOR_DEFINITIONS = (
					"DEBUG=1",
					"$(inherited)",
				);
				GCC_WARN_64_TO_32_BIT_CONVERSION = YES;
				GCC_WARN_ABOUT_RETURN_TYPE = YES_ERROR;
				GCC_WARN_UNDECLARED_SELECTOR = YES;
				GCC_WARN_UNINITIALIZED_AUTOS = YES_AGGRESSIVE;
				GCC_WARN_UNUSED_FUNCTION = YES;
				GCC_WARN_UNUSED_VARIABLE = YES;
				MACOSX_DEPLOYMENT_TARGET = 10.11;
				MTL_ENABLE_DEBUG_INFO = YES;
				ONLY_ACTIVE_ARCH = YES;
				SDKROOT = macosx;
			};
			name = Debug;
		};
		84288E6C1CE672FB005317B3 /* Release */ = {
			isa = XCBuildConfiguration;
			buildSettings = {
				ALWAYS_SEARCH_USER_PATHS = NO;
				CLANG_ANALYZER_NONNULL = YES;
				CLANG_CXX_LANGUAGE_STANDARD = "gnu++0x";
				CLANG_CXX_LIBRARY = "libc++";
				CLANG_ENABLE_MODULES = YES;
				CLANG_ENABLE_OBJC_ARC = YES;
				CLANG_WARN_BOOL_CONVERSION = YES;
				CLANG_WARN_CONSTANT_CONVERSION = YES;
				CLANG_WARN_DIRECT_OBJC_ISA_USAGE = YES_ERROR;
				CLANG_WARN_EMPTY_BODY = YES;
				CLANG_WARN_ENUM_CONVERSION = YES;
				CLANG_WARN_INT_CONVERSION = YES;
				CLANG_WARN_OBJC_ROOT_CLASS = YES_ERROR;
				CLANG_WARN_UNREACHABLE_CODE = YES;
				CLANG_WARN__DUPLICATE_METHOD_MATCH = YES;
				CODE_SIGN_IDENTITY = "-";
				COPY_PHASE_STRIP = NO;
				DEBUG_INFORMATION_FORMAT = "dwarf-with-dsym";
				ENABLE_NS_ASSERTIONS = NO;
				ENABLE_STRICT_OBJC_MSGSEND = YES;
				GCC_C_LANGUAGE_STANDARD = gnu99;
				GCC_NO_COMMON_BLOCKS = YES;
				GCC_WARN_64_TO_32_BIT_CONVERSION = YES;
				GCC_WARN_ABOUT_RETURN_TYPE = YES_ERROR;
				GCC_WARN_UNDECLARED_SELECTOR = YES;
				GCC_WARN_UNINITIALIZED_AUTOS = YES_AGGRESSIVE;
				GCC_WARN_UNUSED_FUNCTION = YES;
				GCC_WARN_UNUSED_VARIABLE = YES;
				MACOSX_DEPLOYMENT_TARGET = 10.11;
				MTL_ENABLE_DEBUG_INFO = NO;
				SDKROOT = macosx;
			};
			name = Release;
		};
		84288E6E1CE672FB005317B3 /* Debug */ = {
			isa = XCBuildConfiguration;
			buildSettings = {
				HEADER_SEARCH_PATHS = (
					/usr/local/Cellar/boost/1.60.0_2/include,
					"/usr/local/Cellar/cpp-netlib/0.12.0_1/include",
					/usr/local/Cellar/asio/1.10.6/include,
					/usr/local/opt/openssl/include,
				);
				LIBRARY_SEARCH_PATHS = (
					/usr/local/Cellar/boost/1.60.0_2/lib,
					/usr/local/opt/openssl/lib,
					"/usr/local/Cellar/cpp-netlib/0.12.0_1/lib",
					/usr/local/Cellar/openssl/1.0.2h_1/lib,
				);
				OTHER_CPLUSPLUSFLAGS = "$(OTHER_CFLAGS)";
				PRODUCT_NAME = "$(TARGET_NAME)";
			};
			name = Debug;
		};
		84288E6F1CE672FB005317B3 /* Release */ = {
			isa = XCBuildConfiguration;
			buildSettings = {
				HEADER_SEARCH_PATHS = (
					/usr/local/Cellar/boost/1.60.0_2/include,
					"/usr/local/Cellar/cpp-netlib/0.12.0_1/include",
					/usr/local/Cellar/asio/1.10.6/include,
					/usr/local/opt/openssl/include,
				);
				LIBRARY_SEARCH_PATHS = (
					/usr/local/Cellar/boost/1.60.0_2/lib,
					/usr/local/opt/openssl/lib,
					"/usr/local/Cellar/cpp-netlib/0.12.0_1/lib",
					/usr/local/Cellar/openssl/1.0.2h_1/lib,
				);
				OTHER_CPLUSPLUSFLAGS = "$(OTHER_CFLAGS)";
				PRODUCT_NAME = "$(TARGET_NAME)";
			};
			name = Release;
		};
/* End XCBuildConfiguration section */

/* Begin XCConfigurationList section */
		84288E611CE672FB005317B3 /* Build configuration list for PBXProject "BibleReaderCPP" */ = {
			isa = XCConfigurationList;
			buildConfigurations = (
				84288E6B1CE672FB005317B3 /* Debug */,
				84288E6C1CE672FB005317B3 /* Release */,
			);
			defaultConfigurationIsVisible = 0;
			defaultConfigurationName = Release;
		};
		84288E6D1CE672FB005317B3 /* Build configuration list for PBXNativeTarget "BibleReaderCPP" */ = {
			isa = XCConfigurationList;
			buildConfigurations = (
				84288E6E1CE672FB005317B3 /* Debug */,
				84288E6F1CE672FB005317B3 /* Release */,
			);
			defaultConfigurationIsVisible = 0;
			defaultConfigurationName = Release;
		};
/* End XCConfigurationList section */
	};
	rootObject = 84288E5E1CE672FB005317B3 /* Project object */;
}
