// !$*UTF8*$!
{
	archiveVersion = 1;
	classes = {
	};
	objectVersion = 46;
	objects = {

/* Begin PBXBuildFile section */
		0559C6E98A4A5086D538768E /* br_base_record.cpp in Sources */ = {isa = PBXBuildFile; fileRef = D032729245E892F415D81E16 /* br_base_record.cpp */; };
		0638BC1385B084FA5A8462E8 /* BrNetworkListener+Private.mm in Sources */ = {isa = PBXBuildFile; fileRef = F6AA3C219E7DC8AE2B7E8232 /* BrNetworkListener+Private.mm */; };
		3FA92E95568125B36FAB18DA /* BrNetworkManager+Private.mm in Sources */ = {isa = PBXBuildFile; fileRef = 09EE748BB35F5BFF60B9878F /* BrNetworkManager+Private.mm */; };
		4F935C2B7952648818A2F422 /* br_base_view_model_impl.cpp in Sources */ = {isa = PBXBuildFile; fileRef = 92723144222A99CD0836C58E /* br_base_view_model_impl.cpp */; };
		5EEB9E60939264B7F80112A8 /* BrBaseRecord+Private.mm in Sources */ = {isa = PBXBuildFile; fileRef = ED550547C41B0052E396B80D /* BrBaseRecord+Private.mm */; };
		71702A1ADD053012C53AC5C8 /* BrBaseViewModel+Private.mm in Sources */ = {isa = PBXBuildFile; fileRef = 422D0792DB732E9E9D82CF6A /* BrBaseViewModel+Private.mm */; };
		991D21605A4660DB95D5C4EB /* BrBaseRecord.mm in Sources */ = {isa = PBXBuildFile; fileRef = C06BDD327207BDF264403A27 /* BrBaseRecord.mm */; };
		E1D4DBAF7CCA1A3F1F7E6CB2 /* br_network_manager_impl.cpp in Sources */ = {isa = PBXBuildFile; fileRef = 5DAD2919D4E153D16E5D7650 /* br_network_manager_impl.cpp */; };
/* End PBXBuildFile section */

/* Begin PBXFileReference section */
		09EE748BB35F5BFF60B9878F /* BrNetworkManager+Private.mm */ = {isa = PBXFileReference; lastKnownFileType = sourcecode.cpp.objcpp; path = "BrNetworkManager+Private.mm"; sourceTree = "<group>"; };
		1ADBFC5FE852CBD5D7F81051 /* common.gypi */ = {isa = PBXFileReference; explicitFileType = sourcecode; name = common.gypi; path = deps/djinni/common.gypi; sourceTree = "<group>"; };
		422D0792DB732E9E9D82CF6A /* BrBaseViewModel+Private.mm */ = {isa = PBXFileReference; lastKnownFileType = sourcecode.cpp.objcpp; path = "BrBaseViewModel+Private.mm"; sourceTree = "<group>"; };
		56BABA1EFEA7FF4754F2CBE4 /* lib_biblereader.gyp */ = {isa = PBXFileReference; explicitFileType = sourcecode; path = lib_biblereader.gyp; sourceTree = "<group>"; };
		5DAD2919D4E153D16E5D7650 /* br_network_manager_impl.cpp */ = {isa = PBXFileReference; lastKnownFileType = sourcecode.cpp.cpp; path = br_network_manager_impl.cpp; sourceTree = "<group>"; };
		92723144222A99CD0836C58E /* br_base_view_model_impl.cpp */ = {isa = PBXFileReference; lastKnownFileType = sourcecode.cpp.cpp; path = br_base_view_model_impl.cpp; sourceTree = "<group>"; };
		C06BDD327207BDF264403A27 /* BrBaseRecord.mm */ = {isa = PBXFileReference; lastKnownFileType = sourcecode.cpp.objcpp; path = BrBaseRecord.mm; sourceTree = "<group>"; };
		D032729245E892F415D81E16 /* br_base_record.cpp */ = {isa = PBXFileReference; lastKnownFileType = sourcecode.cpp.cpp; path = br_base_record.cpp; sourceTree = "<group>"; };
		ED550547C41B0052E396B80D /* BrBaseRecord+Private.mm */ = {isa = PBXFileReference; lastKnownFileType = sourcecode.cpp.objcpp; path = "BrBaseRecord+Private.mm"; sourceTree = "<group>"; };
		F6AA3C219E7DC8AE2B7E8232 /* BrNetworkListener+Private.mm */ = {isa = PBXFileReference; lastKnownFileType = sourcecode.cpp.objcpp; path = "BrNetworkListener+Private.mm"; sourceTree = "<group>"; };
		F8D40BE62AED87BA9883FC7C /* lib_biblereader_objc.a */ = {isa = PBXFileReference; explicitFileType = archive.ar; includeInIndex = 0; path = lib_biblereader_objc.a; sourceTree = BUILT_PRODUCTS_DIR; };
/* End PBXFileReference section */

/* Begin PBXFrameworksBuildPhase section */
		C3B8D1A5D4628CBE05906499 /* Frameworks */ = {
			isa = PBXFrameworksBuildPhase;
			buildActionMask = 2147483647;
			files = (
			);
			runOnlyForDeploymentPostprocessing = 0;
		};
/* End PBXFrameworksBuildPhase section */

/* Begin PBXGroup section */
		0162BD1EB3D1B750DF72553C /* src/cpp */ = {
			isa = PBXGroup;
			children = (
				D032729245E892F415D81E16 /* br_base_record.cpp */,
				92723144222A99CD0836C58E /* br_base_view_model_impl.cpp */,
				5DAD2919D4E153D16E5D7650 /* br_network_manager_impl.cpp */,
			);
			path = src/cpp;
			sourceTree = "<group>";
		};
		13F4059D3687C193AA4D4261 = {
			isa = PBXGroup;
			children = (
				57B8F961E9FC8C03B1129997 /* Source */,
				B48D09B801075C4CCB4324B7 /* Products */,
				83F8EA3259FE1EEE8CFFB786 /* Build */,
			);
			sourceTree = "<group>";
		};
		4E34E25F83B5DE513221C8A7 /* generated-src/objc */ = {
			isa = PBXGroup;
			children = (
				ED550547C41B0052E396B80D /* BrBaseRecord+Private.mm */,
				C06BDD327207BDF264403A27 /* BrBaseRecord.mm */,
				422D0792DB732E9E9D82CF6A /* BrBaseViewModel+Private.mm */,
				F6AA3C219E7DC8AE2B7E8232 /* BrNetworkListener+Private.mm */,
				09EE748BB35F5BFF60B9878F /* BrNetworkManager+Private.mm */,
			);
			path = "generated-src/objc";
			sourceTree = "<group>";
		};
		57B8F961E9FC8C03B1129997 /* Source */ = {
			isa = PBXGroup;
			children = (
				4E34E25F83B5DE513221C8A7 /* generated-src/objc */,
				0162BD1EB3D1B750DF72553C /* src/cpp */,
			);
			name = Source;
			sourceTree = "<group>";
		};
		83F8EA3259FE1EEE8CFFB786 /* Build */ = {
			isa = PBXGroup;
			children = (
				1ADBFC5FE852CBD5D7F81051 /* common.gypi */,
				56BABA1EFEA7FF4754F2CBE4 /* lib_biblereader.gyp */,
			);
			name = Build;
			sourceTree = "<group>";
		};
		B48D09B801075C4CCB4324B7 /* Products */ = {
			isa = PBXGroup;
			children = (
				F8D40BE62AED87BA9883FC7C /* lib_biblereader_objc.a */,
			);
			name = Products;
			sourceTree = "<group>";
		};
/* End PBXGroup section */

/* Begin PBXNativeTarget section */
		C4E3EFD07935F7E7FB693801 /* lib_biblereader_objc */ = {
			isa = PBXNativeTarget;
			buildConfigurationList = EA0819FF072D9BC6A71EF2CD /* Build configuration list for PBXNativeTarget "lib_biblereader_objc" */;
			buildPhases = (
				B73715F1248FEADAF67FEDF4 /* Sources */,
				C3B8D1A5D4628CBE05906499 /* Frameworks */,
			);
			buildRules = (
			);
			dependencies = (
			);
			name = lib_biblereader_objc;
			productName = _biblereader_objc;
			productReference = F8D40BE62AED87BA9883FC7C /* lib_biblereader_objc.a */;
			productType = "com.apple.product-type.library.static";
		};
/* End PBXNativeTarget section */

/* Begin PBXProject section */
		19ABFF7B385550073724FCF0 /* Project object */ = {
			isa = PBXProject;
			attributes = {
				BuildIndependentTargetsInParallel = YES;
			};
			buildConfigurationList = 8CD720682B48CBD0C84E3171 /* Build configuration list for PBXProject "lib_biblereader" */;
			compatibilityVersion = "Xcode 3.2";
			hasScannedForEncodings = 1;
			mainGroup = 13F4059D3687C193AA4D4261;
			projectDirPath = ..;
			projectRoot = "";
			targets = (
				C4E3EFD07935F7E7FB693801 /* lib_biblereader_objc */,
			);
		};
/* End PBXProject section */

/* Begin PBXSourcesBuildPhase section */
		B73715F1248FEADAF67FEDF4 /* Sources */ = {
			isa = PBXSourcesBuildPhase;
			buildActionMask = 2147483647;
			files = (
				5EEB9E60939264B7F80112A8 /* BrBaseRecord+Private.mm in Sources */,
				991D21605A4660DB95D5C4EB /* BrBaseRecord.mm in Sources */,
				71702A1ADD053012C53AC5C8 /* BrBaseViewModel+Private.mm in Sources */,
				0638BC1385B084FA5A8462E8 /* BrNetworkListener+Private.mm in Sources */,
				3FA92E95568125B36FAB18DA /* BrNetworkManager+Private.mm in Sources */,
				0559C6E98A4A5086D538768E /* br_base_record.cpp in Sources */,
				4F935C2B7952648818A2F422 /* br_base_view_model_impl.cpp in Sources */,
				E1D4DBAF7CCA1A3F1F7E6CB2 /* br_network_manager_impl.cpp in Sources */,
			);
			runOnlyForDeploymentPostprocessing = 0;
		};
/* End PBXSourcesBuildPhase section */

/* Begin XCBuildConfiguration section */
		4F2A18D1063021F7CC55CEC7 /* Release */ = {
			isa = XCBuildConfiguration;
			buildSettings = {
				CLANG_CXX_LANGUAGE_STANDARD = "c++11";
				CLANG_CXX_LIBRARY = "libc++";
				CLANG_ENABLE_OBJC_ARC = YES;
				DEAD_CODE_STRIPPING = YES;
				EXECUTABLE_PREFIX = lib;
				GCC_PREPROCESSOR_DEFINITIONS = "NDEBUG=1";
				HEADER_SEARCH_PATHS = (
					"./generated-src/objc",
					"./generated-src/cpp",
					./src/cpp,
					/usr/local/Cellar/boost/1.60.0_2/include,
					"deps/djinni/support-lib/objc",
				);
				OTHER_CFLAGS = "-Wall";
				OTHER_CPLUSPLUSFLAGS = (
					"-Wall",
					"-std=c++1y",
				);
				PRODUCT_NAME = _biblereader_objc;
				SDKROOT = iphoneos;
				SKIP_INSTALL = YES;
				SUPPORTED_PLATFORMS = "iphonesimulator iphoneos";
			};
			name = Release;
		};
		5E96E871F71832E81D512031 /* Debug */ = {
			isa = XCBuildConfiguration;
			buildSettings = {
				INTERMEDIATE_DIR = "$(PROJECT_DERIVED_FILE_DIR)/$(CONFIGURATION)";
				SHARED_INTERMEDIATE_DIR = "$(SYMROOT)/DerivedSources/$(CONFIGURATION)";
			};
			name = Debug;
		};
		A8A623E103847D8718CA52D3 /* Debug */ = {
			isa = XCBuildConfiguration;
			buildSettings = {
				CLANG_CXX_LANGUAGE_STANDARD = "c++11";
				CLANG_CXX_LIBRARY = "libc++";
				CLANG_ENABLE_OBJC_ARC = YES;
				DEAD_CODE_STRIPPING = YES;
				EXECUTABLE_PREFIX = lib;
				GCC_PREPROCESSOR_DEFINITIONS = "DEBUG=1";
				HEADER_SEARCH_PATHS = (
					"./generated-src/objc",
					"./generated-src/cpp",
					./src/cpp,
					/usr/local/Cellar/boost/1.60.0_2/include,
					"deps/djinni/support-lib/objc",
				);
				ONLY_ACTIVE_ARCH = YES;
				OTHER_CFLAGS = "-Wall";
				OTHER_CPLUSPLUSFLAGS = (
					"-Wall",
					"-std=c++1y",
				);
				PRODUCT_NAME = _biblereader_objc;
				SDKROOT = iphoneos;
				SKIP_INSTALL = YES;
				SUPPORTED_PLATFORMS = "iphonesimulator iphoneos";
			};
			name = Debug;
		};
		FC47C5FD0C3417BB5060F62E /* Release */ = {
			isa = XCBuildConfiguration;
			buildSettings = {
				INTERMEDIATE_DIR = "$(PROJECT_DERIVED_FILE_DIR)/$(CONFIGURATION)";
				SHARED_INTERMEDIATE_DIR = "$(SYMROOT)/DerivedSources/$(CONFIGURATION)";
			};
			name = Release;
		};
/* End XCBuildConfiguration section */

/* Begin XCConfigurationList section */
		8CD720682B48CBD0C84E3171 /* Build configuration list for PBXProject "lib_biblereader" */ = {
			isa = XCConfigurationList;
			buildConfigurations = (
				5E96E871F71832E81D512031 /* Debug */,
				FC47C5FD0C3417BB5060F62E /* Release */,
			);
			defaultConfigurationIsVisible = 1;
			defaultConfigurationName = Debug;
		};
		EA0819FF072D9BC6A71EF2CD /* Build configuration list for PBXNativeTarget "lib_biblereader_objc" */ = {
			isa = XCConfigurationList;
			buildConfigurations = (
				A8A623E103847D8718CA52D3 /* Debug */,
				4F2A18D1063021F7CC55CEC7 /* Release */,
			);
			defaultConfigurationIsVisible = 1;
			defaultConfigurationName = Debug;
		};
/* End XCConfigurationList section */
	};
	rootObject = 19ABFF7B385550073724FCF0 /* Project object */;
}
